{
  "name": "npm-private-registry-core-13470",
  "lockfileVersion": 3,
  "requires": true,
  "packages": {
    "": {
      "dependencies": {
        "lodash": "4.17.1"
      },
      "engines": {
        "node": ">=20.9.0",
        "npm": ">=10.1.0"
      }
    },
    "node_modules/lodash": {
      "version": "4.17.1",
      "resolved": "https://jfrogghdemo.jfrog.io/artifactory/api/npm/db-dependabot-local/lodash-4.17.1.tgz",
      "integrity": "sha512-TU8moLfqGOx1RJogO9uU2d90q0L5J/1g/i4fkdB5ZmQ5qsjwVnCvg5XWuiwqqPNnyBQlQp8ukd9ADTY27dGsiQ==",
      "license": "MIT"
    }
  }
}
