{
  "name": "npm-private-registry-core-13470",
  "lockfileVersion": 3,
  "requires": true,
  "packages": {
    "": {
      "dependencies": {
        "lodash": "4.17.2"
      },
      "engines": {
        "node": ">=20.9.0",
        "npm": ">=10.1.0"
      }
    },
    "node_modules/lodash": {
      "version": "4.17.2",
      "resolved": "https://jfrogghdemo.jfrog.io/artifactory/api/npm/db-dependabot-local/lodash-4.17.2.tgz",
      "integrity": "sha512-8mozooKYfrbhO6eMFCjiieXZalOKHpwENKTqMn/g0TrH1j4MLw8qwivmVwfcX5/+3LQJmXAWRXWhWUL+COdYNg==",
      "license": "MIT"
    }
  }
}
